
Microsoft Visual Studio Solution File, Format Version 12.00
# Visual Studio Version 17
VisualStudioVersion = 17.3.32929.385
MinimumVisualStudioVersion = 10.0.40219.1
Project("{FAE04EC0-301F-11D3-BF4B-00C04F79EFBC}") = "Microsoft.EE.ServiceBusFn.Client", "Microsoft.EE.ServiceBusFn.Client.csproj", "{425417AA-4D9F-481E-867C-E25BF74CDB89}"
EndProject
Project("{FAE04EC0-301F-11D3-BF4B-00C04F79EFBC}") = "Microsoft.EE.ServiceBusFn.Fn", "..\Microsoft.EE.ServiceBusFn.Fn\Microsoft.EE.ServiceBusFn.Fn.csproj", "{C9860F3E-CCA8-4DD5-A96F-752262DFDF21}"
EndProject
Global
	GlobalSection(SolutionConfigurationPlatforms) = preSolution
		Debug|Any CPU = Debug|Any CPU
		Release|Any CPU = Release|Any CPU
	EndGlobalSection
	GlobalSection(ProjectConfigurationPlatforms) = postSolution
		{425417AA-4D9F-481E-867C-E25BF74CDB89}.Debug|Any CPU.ActiveCfg = Debug|Any CPU
		{425417AA-4D9F-481E-867C-E25BF74CDB89}.Debug|Any CPU.Build.0 = Debug|Any CPU
		{425417AA-4D9F-481E-867C-E25BF74CDB89}.Release|Any CPU.ActiveCfg = Release|Any CPU
		{425417AA-4D9F-481E-867C-E25BF74CDB89}.Release|Any CPU.Build.0 = Release|Any CPU
		{C9860F3E-CCA8-4DD5-A96F-752262DFDF21}.Debug|Any CPU.ActiveCfg = Debug|Any CPU
		{C9860F3E-CCA8-4DD5-A96F-752262DFDF21}.Debug|Any CPU.Build.0 = Debug|Any CPU
		{C9860F3E-CCA8-4DD5-A96F-752262DFDF21}.Release|Any CPU.ActiveCfg = Release|Any CPU
		{C9860F3E-CCA8-4DD5-A96F-752262DFDF21}.Release|Any CPU.Build.0 = Release|Any CPU
	EndGlobalSection
	GlobalSection(SolutionProperties) = preSolution
		HideSolutionNode = FALSE
	EndGlobalSection
	GlobalSection(ExtensibilityGlobals) = postSolution
		SolutionGuid = {9DA887E4-CDEE-4C03-A896-D39945FFF287}
	EndGlobalSection
EndGlobal
